
Microsoft Visual Studio Solution File, Format Version 12.00
# Visual Studio Version 16
VisualStudioVersion = 16.0.31729.503
MinimumVisualStudioVersion = 10.0.40219.1
Project("{8BC9CEB8-8B4A-11D0-8D11-00A0C91BC942}") = "ctf", "ctf\ctf.vcxproj", "{E7E29E51-3B8C-432C-A3FE-4A87D602716A}"
EndProject
Project("{8BC9CEB8-8B4A-11D0-8D11-00A0C91BC942}") = "game", "game\game.vcxproj", "{4458CE24-F445-4826-B850-162A97F47A41}"
EndProject
Project("{8BC9CEB8-8B4A-11D0-8D11-00A0C91BC942}") = "quake2", "quake2.vcxproj", "{3819A6B4-13CB-4756-ACC3-2F1A9AFF7B09}"
EndProject
Project("{8BC9CEB8-8B4A-11D0-8D11-00A0C91BC942}") = "ref_gl", "ref_gl\ref_gl.vcxproj", "{31E6B2FD-357B-44CB-A05C-02339920290F}"
EndProject
Project("{8BC9CEB8-8B4A-11D0-8D11-00A0C91BC942}") = "ref_soft", "ref_soft\ref_soft.vcxproj", "{804AA1AA-2AEB-4ABD-832D-48CC2BB058B3}"
EndProject
Global
	GlobalSection(SolutionConfigurationPlatforms) = preSolution
		Debug Alpha|x86 = Debug Alpha|x86
		Debug|x86 = Debug|x86
		Release Alpha|x86 = Release Alpha|x86
		Release|x86 = Release|x86
		Template|x86 = Template|x86
	EndGlobalSection
	GlobalSection(ProjectConfigurationPlatforms) = postSolution
		{E7E29E51-3B8C-432C-A3FE-4A87D602716A}.Debug Alpha|x86.ActiveCfg = Debug Alpha|Win32
		{E7E29E51-3B8C-432C-A3FE-4A87D602716A}.Debug Alpha|x86.Build.0 = Debug Alpha|Win32
		{E7E29E51-3B8C-432C-A3FE-4A87D602716A}.Debug|x86.ActiveCfg = Debug|Win32
		{E7E29E51-3B8C-432C-A3FE-4A87D602716A}.Debug|x86.Build.0 = Debug|Win32
		{E7E29E51-3B8C-432C-A3FE-4A87D602716A}.Release Alpha|x86.ActiveCfg = Release Alpha|Win32
		{E7E29E51-3B8C-432C-A3FE-4A87D602716A}.Release Alpha|x86.Build.0 = Release Alpha|Win32
		{E7E29E51-3B8C-432C-A3FE-4A87D602716A}.Release|x86.ActiveCfg = Release|Win32
		{E7E29E51-3B8C-432C-A3FE-4A87D602716A}.Release|x86.Build.0 = Release|Win32
		{E7E29E51-3B8C-432C-A3FE-4A87D602716A}.Template|x86.ActiveCfg = Debug|Win32
		{E7E29E51-3B8C-432C-A3FE-4A87D602716A}.Template|x86.Build.0 = Debug|Win32
		{4458CE24-F445-4826-B850-162A97F47A41}.Debug Alpha|x86.ActiveCfg = Debug Alpha|Win32
		{4458CE24-F445-4826-B850-162A97F47A41}.Debug Alpha|x86.Build.0 = Debug Alpha|Win32
		{4458CE24-F445-4826-B850-162A97F47A41}.Debug|x86.ActiveCfg = Debug|Win32
		{4458CE24-F445-4826-B850-162A97F47A41}.Debug|x86.Build.0 = Debug|Win32
		{4458CE24-F445-4826-B850-162A97F47A41}.Release Alpha|x86.ActiveCfg = Release Alpha|Win32
		{4458CE24-F445-4826-B850-162A97F47A41}.Release Alpha|x86.Build.0 = Release Alpha|Win32
		{4458CE24-F445-4826-B850-162A97F47A41}.Release|x86.ActiveCfg = Release|Win32
		{4458CE24-F445-4826-B850-162A97F47A41}.Release|x86.Build.0 = Release|Win32
		{4458CE24-F445-4826-B850-162A97F47A41}.Template|x86.ActiveCfg = Template|Win32
		{4458CE24-F445-4826-B850-162A97F47A41}.Template|x86.Build.0 = Template|Win32
		{3819A6B4-13CB-4756-ACC3-2F1A9AFF7B09}.Debug Alpha|x86.ActiveCfg = Debug Alpha|Win32
		{3819A6B4-13CB-4756-ACC3-2F1A9AFF7B09}.Debug Alpha|x86.Build.0 = Debug Alpha|Win32
		{3819A6B4-13CB-4756-ACC3-2F1A9AFF7B09}.Debug|x86.ActiveCfg = Debug|Win32
		{3819A6B4-13CB-4756-ACC3-2F1A9AFF7B09}.Debug|x86.Build.0 = Debug|Win32
		{3819A6B4-13CB-4756-ACC3-2F1A9AFF7B09}.Release Alpha|x86.ActiveCfg = Release Alpha|Win32
		{3819A6B4-13CB-4756-ACC3-2F1A9AFF7B09}.Release Alpha|x86.Build.0 = Release Alpha|Win32
		{3819A6B4-13CB-4756-ACC3-2F1A9AFF7B09}.Release|x86.ActiveCfg = Release|Win32
		{3819A6B4-13CB-4756-ACC3-2F1A9AFF7B09}.Release|x86.Build.0 = Release|Win32
		{3819A6B4-13CB-4756-ACC3-2F1A9AFF7B09}.Template|x86.ActiveCfg = Template|Win32
		{3819A6B4-13CB-4756-ACC3-2F1A9AFF7B09}.Template|x86.Build.0 = Template|Win32
		{31E6B2FD-357B-44CB-A05C-02339920290F}.Debug Alpha|x86.ActiveCfg = Debug Alpha|Win32
		{31E6B2FD-357B-44CB-A05C-02339920290F}.Debug Alpha|x86.Build.0 = Debug Alpha|Win32
		{31E6B2FD-357B-44CB-A05C-02339920290F}.Debug|x86.ActiveCfg = Debug|Win32
		{31E6B2FD-357B-44CB-A05C-02339920290F}.Debug|x86.Build.0 = Debug|Win32
		{31E6B2FD-357B-44CB-A05C-02339920290F}.Release Alpha|x86.ActiveCfg = Release Alpha|Win32
		{31E6B2FD-357B-44CB-A05C-02339920290F}.Release Alpha|x86.Build.0 = Release Alpha|Win32
		{31E6B2FD-357B-44CB-A05C-02339920290F}.Release|x86.ActiveCfg = Release|Win32
		{31E6B2FD-357B-44CB-A05C-02339920290F}.Release|x86.Build.0 = Release|Win32
		{31E6B2FD-357B-44CB-A05C-02339920290F}.Template|x86.ActiveCfg = Template|Win32
		{31E6B2FD-357B-44CB-A05C-02339920290F}.Template|x86.Build.0 = Template|Win32
		{804AA1AA-2AEB-4ABD-832D-48CC2BB058B3}.Debug Alpha|x86.ActiveCfg = Debug Alpha|Win32
		{804AA1AA-2AEB-4ABD-832D-48CC2BB058B3}.Debug Alpha|x86.Build.0 = Debug Alpha|Win32
		{804AA1AA-2AEB-4ABD-832D-48CC2BB058B3}.Debug|x86.ActiveCfg = Debug|Win32
		{804AA1AA-2AEB-4ABD-832D-48CC2BB058B3}.Debug|x86.Build.0 = Debug|Win32
		{804AA1AA-2AEB-4ABD-832D-48CC2BB058B3}.Release Alpha|x86.ActiveCfg = Release Alpha|Win32
		{804AA1AA-2AEB-4ABD-832D-48CC2BB058B3}.Release Alpha|x86.Build.0 = Release Alpha|Win32
		{804AA1AA-2AEB-4ABD-832D-48CC2BB058B3}.Release|x86.ActiveCfg = Release|Win32
		{804AA1AA-2AEB-4ABD-832D-48CC2BB058B3}.Release|x86.Build.0 = Release|Win32
		{804AA1AA-2AEB-4ABD-832D-48CC2BB058B3}.Template|x86.ActiveCfg = Template|Win32
		{804AA1AA-2AEB-4ABD-832D-48CC2BB058B3}.Template|x86.Build.0 = Template|Win32
	EndGlobalSection
	GlobalSection(SolutionProperties) = preSolution
		HideSolutionNode = FALSE
	EndGlobalSection
	GlobalSection(ExtensibilityGlobals) = postSolution
		SolutionGuid = {3AE7CAAF-06A6-48AB-9326-EAFAA2DE9753}
	EndGlobalSection
EndGlobal
